
Microsoft Visual Studio Solution File, Format Version 12.00
# Visual Studio Version 17
VisualStudioVersion = 17.14.36414.22 d17.14
MinimumVisualStudioVersion = 10.0.40219.1
Project("{FAE04EC0-301F-11D3-BF4B-00C04F79EFBC}") = "StandardControl", "StandardControl\StandardControl.csproj", "{730E1E1F-4407-48EB-9416-B96D7830EA02}"
EndProject
Global
	GlobalSection(SolutionConfigurationPlatforms) = preSolution
		Debug|Any CPU = Debug|Any CPU
		Release|Any CPU = Release|Any CPU
	EndGlobalSection
	GlobalSection(ProjectConfigurationPlatforms) = postSolution
		{730E1E1F-4407-48EB-9416-B96D7830EA02}.Debug|Any CPU.ActiveCfg = Debug|Any CPU
		{730E1E1F-4407-48EB-9416-B96D7830EA02}.Debug|Any CPU.Build.0 = Debug|Any CPU
		{730E1E1F-4407-48EB-9416-B96D7830EA02}.Release|Any CPU.ActiveCfg = Release|Any CPU
		{730E1E1F-4407-48EB-9416-B96D7830EA02}.Release|Any CPU.Build.0 = Release|Any CPU
	EndGlobalSection
	GlobalSection(SolutionProperties) = preSolution
		HideSolutionNode = FALSE
	EndGlobalSection
	GlobalSection(ExtensibilityGlobals) = postSolution
		SolutionGuid = {1AE09D9B-096A-4435-95EA-914672BF7D04}
	EndGlobalSection
EndGlobal
